
Microsoft Visual Studio Solution File, Format Version 12.00
# Visual Studio 15
VisualStudioVersion = 15.0.27130.2036
MinimumVisualStudioVersion = 10.0.40219.1
Project("{F2A71F9B-5D33-465A-A702-920D77279786}") = "ErrLogSampleConsoleFS", "ErrLogSampleConsoleFS\ErrLogSampleConsoleFS.fsproj", "{8A657594-5ED1-4571-8D0B-006B08335121}"
EndProject
Project("{F184B08F-C81C-45F6-A57F-5ABD9991F28F}") = "ErrLogSampleConsoleVB", "ErrLogSampleConsoleVB\ErrLogSampleConsoleVB.vbproj", "{4ACC2563-9500-49AB-8F5A-B59DF10CFB6F}"
EndProject
Project("{F184B08F-C81C-45F6-A57F-5ABD9991F28F}") = "ErrLogSampleWebApiVB", "ErrLogSampleWebApiVB\ErrLogSampleWebApiVB.vbproj", "{135E1EB0-73B6-4D14-9C32-4DF59E5D382A}"
EndProject
Project("{F184B08F-C81C-45F6-A57F-5ABD9991F28F}") = "ErrLogSampleWebMVCVB", "ErrLogSampleWebMVCVB\ErrLogSampleWebMVCVB.vbproj", "{BC78D3E8-4A2D-4017-8121-2FF4DF7D7C58}"
EndProject
Project("{F184B08F-C81C-45F6-A57F-5ABD9991F28F}") = "ErrLogSampleWebWebFormsVB", "ErrLogSampleWebWebFormsVB\ErrLogSampleWebWebFormsVB.vbproj", "{CE98C6D3-E77D-4067-A86A-E8FD359DEB3B}"
EndProject
Project("{FAE04EC0-301F-11D3-BF4B-00C04F79EFBC}") = "ErrLogSampleConsoleCS", "ErrLogSampleConsoleCS\ErrLogSampleConsoleCS.csproj", "{41B2D89E-FEF4-4777-836A-91FEB39A1F12}"
EndProject
Project("{FAE04EC0-301F-11D3-BF4B-00C04F79EFBC}") = "ErrLogSampleConsoleUnhandled", "ErrLogSampleConsoleUnhandledCS\ErrLogSampleConsoleUnhandled.csproj", "{61118A7C-F426-4002-9110-B29DF09821DB}"
EndProject
Project("{FAE04EC0-301F-11D3-BF4B-00C04F79EFBC}") = "ErrLogSampleWebApiCS", "ErrLogSampleWebApiCS\ErrLogSampleWebApiCS.csproj", "{BF81E9A7-29F7-459E-8219-43CC59FC0B61}"
EndProject
Project("{FAE04EC0-301F-11D3-BF4B-00C04F79EFBC}") = "ErrLogSampleWebMVCCS", "ErrLogSampleWebMVCCS\ErrLogSampleWebMVCCS.csproj", "{AC211102-18E5-43E3-AA8B-AF52376EB8ED}"
EndProject
Project("{FAE04EC0-301F-11D3-BF4B-00C04F79EFBC}") = "ErrLogSampleWebWebFormsCS", "ErrLogSampleWebWebFormsCS\ErrLogSampleWebWebFormsCS.csproj", "{3B363C69-AE6D-4950-A251-AB45C6D98B28}"
EndProject
Project("{FAE04EC0-301F-11D3-BF4B-00C04F79EFBC}") = "ErrLogSampleWinFormsCS", "ErrLogSampleWinFormsCS\ErrLogSampleWinFormsCS.csproj", "{D021755E-ACD0-4827-AEB0-A71DCAB52EE5}"
EndProject
Project("{2150E333-8FDC-42A3-9474-1A3956D46DE8}") = "Solution Items", "Solution Items", "{64010DA1-E4F3-435A-8A23-6F18B4237047}"
	ProjectSection(SolutionItems) = preProject
		README.md = README.md
	EndProjectSection
EndProject
Project("{9A19103F-16F7-4668-BE54-9A1E7A4F7556}") = "ErrLogSampleConsoleDNCCS", "ErrLogSampleConsoleDNCCS\ErrLogSampleConsoleDNCCS.csproj", "{C1E21DBE-7C58-4543-8D20-58CAA620903D}"
EndProject
Project("{8BC9CEB8-8B4A-11D0-8D11-00A0C91BC942}") = "ErrLogSampleGo", "ErrLogSampleGo\ErrLogSampleGo.vcxproj", "{246C7EFC-7DC5-48E1-B1CF-1A344CDC1BDF}"
EndProject
Project("{888888A0-9F3D-457C-B088-3A5042F75D52}") = "ErrLogSamplePython", "ErrLogSamplePython\ErrLogSamplePython.pyproj", "{9408B742-D767-4126-BFC7-9706F7CD1044}"
EndProject
Project("{8BC9CEB8-8B4A-11D0-8D11-00A0C91BC942}") = "ErrLogSampleTypeScript", "ErrLogSampleTypeScript\ErrLogSampleTypeScript.vcxproj", "{745B2AAA-45CE-4C32-A6DF-C9CFB7B1823E}"
EndProject
Global
	GlobalSection(SolutionConfigurationPlatforms) = preSolution
		Debug|Any CPU = Debug|Any CPU
		Debug|x64 = Debug|x64
		Debug|x86 = Debug|x86
		Release|Any CPU = Release|Any CPU
		Release|x64 = Release|x64
		Release|x86 = Release|x86
	EndGlobalSection
	GlobalSection(ProjectConfigurationPlatforms) = postSolution
		{8A657594-5ED1-4571-8D0B-006B08335121}.Debug|Any CPU.ActiveCfg = Debug|Any CPU
		{8A657594-5ED1-4571-8D0B-006B08335121}.Debug|Any CPU.Build.0 = Debug|Any CPU
		{8A657594-5ED1-4571-8D0B-006B08335121}.Debug|x64.ActiveCfg = Debug|Any CPU
		{8A657594-5ED1-4571-8D0B-006B08335121}.Debug|x64.Build.0 = Debug|Any CPU
		{8A657594-5ED1-4571-8D0B-006B08335121}.Debug|x86.ActiveCfg = Debug|Any CPU
		{8A657594-5ED1-4571-8D0B-006B08335121}.Debug|x86.Build.0 = Debug|Any CPU
		{8A657594-5ED1-4571-8D0B-006B08335121}.Release|Any CPU.ActiveCfg = Release|Any CPU
		{8A657594-5ED1-4571-8D0B-006B08335121}.Release|Any CPU.Build.0 = Release|Any CPU
		{8A657594-5ED1-4571-8D0B-006B08335121}.Release|x64.ActiveCfg = Release|Any CPU
		{8A657594-5ED1-4571-8D0B-006B08335121}.Release|x64.Build.0 = Release|Any CPU
		{8A657594-5ED1-4571-8D0B-006B08335121}.Release|x86.ActiveCfg = Release|Any CPU
		{8A657594-5ED1-4571-8D0B-006B08335121}.Release|x86.Build.0 = Release|Any CPU
		{4ACC2563-9500-49AB-8F5A-B59DF10CFB6F}.Debug|Any CPU.ActiveCfg = Debug|Any CPU
		{4ACC2563-9500-49AB-8F5A-B59DF10CFB6F}.Debug|Any CPU.Build.0 = Debug|Any CPU
		{4ACC2563-9500-49AB-8F5A-B59DF10CFB6F}.Debug|x64.ActiveCfg = Debug|Any CPU
		{4ACC2563-9500-49AB-8F5A-B59DF10CFB6F}.Debug|x64.Build.0 = Debug|Any CPU
		{4ACC2563-9500-49AB-8F5A-B59DF10CFB6F}.Debug|x86.ActiveCfg = Debug|Any CPU
		{4ACC2563-9500-49AB-8F5A-B59DF10CFB6F}.Debug|x86.Build.0 = Debug|Any CPU
		{4ACC2563-9500-49AB-8F5A-B59DF10CFB6F}.Release|Any CPU.ActiveCfg = Release|Any CPU
		{4ACC2563-9500-49AB-8F5A-B59DF10CFB6F}.Release|Any CPU.Build.0 = Release|Any CPU
		{4ACC2563-9500-49AB-8F5A-B59DF10CFB6F}.Release|x64.ActiveCfg = Release|Any CPU
		{4ACC2563-9500-49AB-8F5A-B59DF10CFB6F}.Release|x64.Build.0 = Release|Any CPU
		{4ACC2563-9500-49AB-8F5A-B59DF10CFB6F}.Release|x86.ActiveCfg = Release|Any CPU
		{4ACC2563-9500-49AB-8F5A-B59DF10CFB6F}.Release|x86.Build.0 = Release|Any CPU
		{135E1EB0-73B6-4D14-9C32-4DF59E5D382A}.Debug|Any CPU.ActiveCfg = Debug|Any CPU
		{135E1EB0-73B6-4D14-9C32-4DF59E5D382A}.Debug|Any CPU.Build.0 = Debug|Any CPU
		{135E1EB0-73B6-4D14-9C32-4DF59E5D382A}.Debug|x64.ActiveCfg = Debug|Any CPU
		{135E1EB0-73B6-4D14-9C32-4DF59E5D382A}.Debug|x64.Build.0 = Debug|Any CPU
		{135E1EB0-73B6-4D14-9C32-4DF59E5D382A}.Debug|x86.ActiveCfg = Debug|Any CPU
		{135E1EB0-73B6-4D14-9C32-4DF59E5D382A}.Debug|x86.Build.0 = Debug|Any CPU
		{135E1EB0-73B6-4D14-9C32-4DF59E5D382A}.Release|Any CPU.ActiveCfg = Release|Any CPU
		{135E1EB0-73B6-4D14-9C32-4DF59E5D382A}.Release|Any CPU.Build.0 = Release|Any CPU
		{135E1EB0-73B6-4D14-9C32-4DF59E5D382A}.Release|x64.ActiveCfg = Release|Any CPU
		{135E1EB0-73B6-4D14-9C32-4DF59E5D382A}.Release|x64.Build.0 = Release|Any CPU
		{135E1EB0-73B6-4D14-9C32-4DF59E5D382A}.Release|x86.ActiveCfg = Release|Any CPU
		{135E1EB0-73B6-4D14-9C32-4DF59E5D382A}.Release|x86.Build.0 = Release|Any CPU
		{BC78D3E8-4A2D-4017-8121-2FF4DF7D7C58}.Debug|Any CPU.ActiveCfg = Debug|Any CPU
		{BC78D3E8-4A2D-4017-8121-2FF4DF7D7C58}.Debug|Any CPU.Build.0 = Debug|Any CPU
		{BC78D3E8-4A2D-4017-8121-2FF4DF7D7C58}.Debug|x64.ActiveCfg = Debug|Any CPU
		{BC78D3E8-4A2D-4017-8121-2FF4DF7D7C58}.Debug|x64.Build.0 = Debug|Any CPU
		{BC78D3E8-4A2D-4017-8121-2FF4DF7D7C58}.Debug|x86.ActiveCfg = Debug|Any CPU
		{BC78D3E8-4A2D-4017-8121-2FF4DF7D7C58}.Debug|x86.Build.0 = Debug|Any CPU
		{BC78D3E8-4A2D-4017-8121-2FF4DF7D7C58}.Release|Any CPU.ActiveCfg = Release|Any CPU
		{BC78D3E8-4A2D-4017-8121-2FF4DF7D7C58}.Release|Any CPU.Build.0 = Release|Any CPU
		{BC78D3E8-4A2D-4017-8121-2FF4DF7D7C58}.Release|x64.ActiveCfg = Release|Any CPU
		{BC78D3E8-4A2D-4017-8121-2FF4DF7D7C58}.Release|x64.Build.0 = Release|Any CPU
		{BC78D3E8-4A2D-4017-8121-2FF4DF7D7C58}.Release|x86.ActiveCfg = Release|Any CPU
		{BC78D3E8-4A2D-4017-8121-2FF4DF7D7C58}.Release|x86.Build.0 = Release|Any CPU
		{CE98C6D3-E77D-4067-A86A-E8FD359DEB3B}.Debug|Any CPU.ActiveCfg = Debug|Any CPU
		{CE98C6D3-E77D-4067-A86A-E8FD359DEB3B}.Debug|Any CPU.Build.0 = Debug|Any CPU
		{CE98C6D3-E77D-4067-A86A-E8FD359DEB3B}.Debug|x64.ActiveCfg = Debug|Any CPU
		{CE98C6D3-E77D-4067-A86A-E8FD359DEB3B}.Debug|x64.Build.0 = Debug|Any CPU
		{CE98C6D3-E77D-4067-A86A-E8FD359DEB3B}.Debug|x86.ActiveCfg = Debug|Any CPU
		{CE98C6D3-E77D-4067-A86A-E8FD359DEB3B}.Debug|x86.Build.0 = Debug|Any CPU
		{CE98C6D3-E77D-4067-A86A-E8FD359DEB3B}.Release|Any CPU.ActiveCfg = Release|Any CPU
		{CE98C6D3-E77D-4067-A86A-E8FD359DEB3B}.Release|Any CPU.Build.0 = Release|Any CPU
		{CE98C6D3-E77D-4067-A86A-E8FD359DEB3B}.Release|x64.ActiveCfg = Release|Any CPU
		{CE98C6D3-E77D-4067-A86A-E8FD359DEB3B}.Release|x64.Build.0 = Release|Any CPU
		{CE98C6D3-E77D-4067-A86A-E8FD359DEB3B}.Release|x86.ActiveCfg = Release|Any CPU
		{CE98C6D3-E77D-4067-A86A-E8FD359DEB3B}.Release|x86.Build.0 = Release|Any CPU
		{41B2D89E-FEF4-4777-836A-91FEB39A1F12}.Debug|Any CPU.ActiveCfg = Debug|Any CPU
		{41B2D89E-FEF4-4777-836A-91FEB39A1F12}.Debug|Any CPU.Build.0 = Debug|Any CPU
		{41B2D89E-FEF4-4777-836A-91FEB39A1F12}.Debug|x64.ActiveCfg = Debug|Any CPU
		{41B2D89E-FEF4-4777-836A-91FEB39A1F12}.Debug|x64.Build.0 = Debug|Any CPU
		{41B2D89E-FEF4-4777-836A-91FEB39A1F12}.Debug|x86.ActiveCfg = Debug|Any CPU
		{41B2D89E-FEF4-4777-836A-91FEB39A1F12}.Debug|x86.Build.0 = Debug|Any CPU
		{41B2D89E-FEF4-4777-836A-91FEB39A1F12}.Release|Any CPU.ActiveCfg = Release|Any CPU
		{41B2D89E-FEF4-4777-836A-91FEB39A1F12}.Release|Any CPU.Build.0 = Release|Any CPU
		{41B2D89E-FEF4-4777-836A-91FEB39A1F12}.Release|x64.ActiveCfg = Release|Any CPU
		{41B2D89E-FEF4-4777-836A-91FEB39A1F12}.Release|x64.Build.0 = Release|Any CPU
		{41B2D89E-FEF4-4777-836A-91FEB39A1F12}.Release|x86.ActiveCfg = Release|Any CPU
		{41B2D89E-FEF4-4777-836A-91FEB39A1F12}.Release|x86.Build.0 = Release|Any CPU
		{61118A7C-F426-4002-9110-B29DF09821DB}.Debug|Any CPU.ActiveCfg = Debug|Any CPU
		{61118A7C-F426-4002-9110-B29DF09821DB}.Debug|Any CPU.Build.0 = Debug|Any CPU
		{61118A7C-F426-4002-9110-B29DF09821DB}.Debug|x64.ActiveCfg = Debug|Any CPU
		{61118A7C-F426-4002-9110-B29DF09821DB}.Debug|x64.Build.0 = Debug|Any CPU
		{61118A7C-F426-4002-9110-B29DF09821DB}.Debug|x86.ActiveCfg = Debug|Any CPU
		{61118A7C-F426-4002-9110-B29DF09821DB}.Debug|x86.Build.0 = Debug|Any CPU
		{61118A7C-F426-4002-9110-B29DF09821DB}.Release|Any CPU.ActiveCfg = Release|Any CPU
		{61118A7C-F426-4002-9110-B29DF09821DB}.Release|Any CPU.Build.0 = Release|Any CPU
		{61118A7C-F426-4002-9110-B29DF09821DB}.Release|x64.ActiveCfg = Release|Any CPU
		{61118A7C-F426-4002-9110-B29DF09821DB}.Release|x64.Build.0 = Release|Any CPU
		{61118A7C-F426-4002-9110-B29DF09821DB}.Release|x86.ActiveCfg = Release|Any CPU
		{61118A7C-F426-4002-9110-B29DF09821DB}.Release|x86.Build.0 = Release|Any CPU
		{BF81E9A7-29F7-459E-8219-43CC59FC0B61}.Debug|Any CPU.ActiveCfg = Debug|Any CPU
		{BF81E9A7-29F7-459E-8219-43CC59FC0B61}.Debug|Any CPU.Build.0 = Debug|Any CPU
		{BF81E9A7-29F7-459E-8219-43CC59FC0B61}.Debug|x64.ActiveCfg = Debug|Any CPU
		{BF81E9A7-29F7-459E-8219-43CC59FC0B61}.Debug|x64.Build.0 = Debug|Any CPU
		{BF81E9A7-29F7-459E-8219-43CC59FC0B61}.Debug|x86.ActiveCfg = Debug|Any CPU
		{BF81E9A7-29F7-459E-8219-43CC59FC0B61}.Debug|x86.Build.0 = Debug|Any CPU
		{BF81E9A7-29F7-459E-8219-43CC59FC0B61}.Release|Any CPU.ActiveCfg = Release|Any CPU
		{BF81E9A7-29F7-459E-8219-43CC59FC0B61}.Release|Any CPU.Build.0 = Release|Any CPU
		{BF81E9A7-29F7-459E-8219-43CC59FC0B61}.Release|x64.ActiveCfg = Release|Any CPU
		{BF81E9A7-29F7-459E-8219-43CC59FC0B61}.Release|x64.Build.0 = Release|Any CPU
		{BF81E9A7-29F7-459E-8219-43CC59FC0B61}.Release|x86.ActiveCfg = Release|Any CPU
		{BF81E9A7-29F7-459E-8219-43CC59FC0B61}.Release|x86.Build.0 = Release|Any CPU
		{AC211102-18E5-43E3-AA8B-AF52376EB8ED}.Debug|Any CPU.ActiveCfg = Debug|Any CPU
		{AC211102-18E5-43E3-AA8B-AF52376EB8ED}.Debug|Any CPU.Build.0 = Debug|Any CPU
		{AC211102-18E5-43E3-AA8B-AF52376EB8ED}.Debug|x64.ActiveCfg = Debug|Any CPU
		{AC211102-18E5-43E3-AA8B-AF52376EB8ED}.Debug|x64.Build.0 = Debug|Any CPU
		{AC211102-18E5-43E3-AA8B-AF52376EB8ED}.Debug|x86.ActiveCfg = Debug|Any CPU
		{AC211102-18E5-43E3-AA8B-AF52376EB8ED}.Debug|x86.Build.0 = Debug|Any CPU
		{AC211102-18E5-43E3-AA8B-AF52376EB8ED}.Release|Any CPU.ActiveCfg = Release|Any CPU
		{AC211102-18E5-43E3-AA8B-AF52376EB8ED}.Release|Any CPU.Build.0 = Release|Any CPU
		{AC211102-18E5-43E3-AA8B-AF52376EB8ED}.Release|x64.ActiveCfg = Release|Any CPU
		{AC211102-18E5-43E3-AA8B-AF52376EB8ED}.Release|x64.Build.0 = Release|Any CPU
		{AC211102-18E5-43E3-AA8B-AF52376EB8ED}.Release|x86.ActiveCfg = Release|Any CPU
		{AC211102-18E5-43E3-AA8B-AF52376EB8ED}.Release|x86.Build.0 = Release|Any CPU
		{3B363C69-AE6D-4950-A251-AB45C6D98B28}.Debug|Any CPU.ActiveCfg = Debug|Any CPU
		{3B363C69-AE6D-4950-A251-AB45C6D98B28}.Debug|Any CPU.Build.0 = Debug|Any CPU
		{3B363C69-AE6D-4950-A251-AB45C6D98B28}.Debug|x64.ActiveCfg = Debug|Any CPU
		{3B363C69-AE6D-4950-A251-AB45C6D98B28}.Debug|x64.Build.0 = Debug|Any CPU
		{3B363C69-AE6D-4950-A251-AB45C6D98B28}.Debug|x86.ActiveCfg = Debug|Any CPU
		{3B363C69-AE6D-4950-A251-AB45C6D98B28}.Debug|x86.Build.0 = Debug|Any CPU
		{3B363C69-AE6D-4950-A251-AB45C6D98B28}.Release|Any CPU.ActiveCfg = Release|Any CPU
		{3B363C69-AE6D-4950-A251-AB45C6D98B28}.Release|Any CPU.Build.0 = Release|Any CPU
		{3B363C69-AE6D-4950-A251-AB45C6D98B28}.Release|x64.ActiveCfg = Release|Any CPU
		{3B363C69-AE6D-4950-A251-AB45C6D98B28}.Release|x64.Build.0 = Release|Any CPU
		{3B363C69-AE6D-4950-A251-AB45C6D98B28}.Release|x86.ActiveCfg = Release|Any CPU
		{3B363C69-AE6D-4950-A251-AB45C6D98B28}.Release|x86.Build.0 = Release|Any CPU
		{D021755E-ACD0-4827-AEB0-A71DCAB52EE5}.Debug|Any CPU.ActiveCfg = Debug|Any CPU
		{D021755E-ACD0-4827-AEB0-A71DCAB52EE5}.Debug|Any CPU.Build.0 = Debug|Any CPU
		{D021755E-ACD0-4827-AEB0-A71DCAB52EE5}.Debug|x64.ActiveCfg = Debug|Any CPU
		{D021755E-ACD0-4827-AEB0-A71DCAB52EE5}.Debug|x64.Build.0 = Debug|Any CPU
		{D021755E-ACD0-4827-AEB0-A71DCAB52EE5}.Debug|x86.ActiveCfg = Debug|Any CPU
		{D021755E-ACD0-4827-AEB0-A71DCAB52EE5}.Debug|x86.Build.0 = Debug|Any CPU
		{D021755E-ACD0-4827-AEB0-A71DCAB52EE5}.Release|Any CPU.ActiveCfg = Release|Any CPU
		{D021755E-ACD0-4827-AEB0-A71DCAB52EE5}.Release|Any CPU.Build.0 = Release|Any CPU
		{D021755E-ACD0-4827-AEB0-A71DCAB52EE5}.Release|x64.ActiveCfg = Release|Any CPU
		{D021755E-ACD0-4827-AEB0-A71DCAB52EE5}.Release|x64.Build.0 = Release|Any CPU
		{D021755E-ACD0-4827-AEB0-A71DCAB52EE5}.Release|x86.ActiveCfg = Release|Any CPU
		{D021755E-ACD0-4827-AEB0-A71DCAB52EE5}.Release|x86.Build.0 = Release|Any CPU
		{C1E21DBE-7C58-4543-8D20-58CAA620903D}.Debug|Any CPU.ActiveCfg = Debug|Any CPU
		{C1E21DBE-7C58-4543-8D20-58CAA620903D}.Debug|Any CPU.Build.0 = Debug|Any CPU
		{C1E21DBE-7C58-4543-8D20-58CAA620903D}.Debug|x64.ActiveCfg = Debug|Any CPU
		{C1E21DBE-7C58-4543-8D20-58CAA620903D}.Debug|x64.Build.0 = Debug|Any CPU
		{C1E21DBE-7C58-4543-8D20-58CAA620903D}.Debug|x86.ActiveCfg = Debug|Any CPU
		{C1E21DBE-7C58-4543-8D20-58CAA620903D}.Debug|x86.Build.0 = Debug|Any CPU
		{C1E21DBE-7C58-4543-8D20-58CAA620903D}.Release|Any CPU.ActiveCfg = Release|Any CPU
		{C1E21DBE-7C58-4543-8D20-58CAA620903D}.Release|Any CPU.Build.0 = Release|Any CPU
		{C1E21DBE-7C58-4543-8D20-58CAA620903D}.Release|x64.ActiveCfg = Release|Any CPU
		{C1E21DBE-7C58-4543-8D20-58CAA620903D}.Release|x64.Build.0 = Release|Any CPU
		{C1E21DBE-7C58-4543-8D20-58CAA620903D}.Release|x86.ActiveCfg = Release|Any CPU
		{C1E21DBE-7C58-4543-8D20-58CAA620903D}.Release|x86.Build.0 = Release|Any CPU
		{246C7EFC-7DC5-48E1-B1CF-1A344CDC1BDF}.Debug|Any CPU.ActiveCfg = Debug|Win32
		{246C7EFC-7DC5-48E1-B1CF-1A344CDC1BDF}.Debug|x64.ActiveCfg = Debug|x64
		{246C7EFC-7DC5-48E1-B1CF-1A344CDC1BDF}.Debug|x64.Build.0 = Debug|x64
		{246C7EFC-7DC5-48E1-B1CF-1A344CDC1BDF}.Debug|x86.ActiveCfg = Debug|Win32
		{246C7EFC-7DC5-48E1-B1CF-1A344CDC1BDF}.Debug|x86.Build.0 = Debug|Win32
		{246C7EFC-7DC5-48E1-B1CF-1A344CDC1BDF}.Release|Any CPU.ActiveCfg = Release|Win32
		{246C7EFC-7DC5-48E1-B1CF-1A344CDC1BDF}.Release|x64.ActiveCfg = Release|x64
		{246C7EFC-7DC5-48E1-B1CF-1A344CDC1BDF}.Release|x64.Build.0 = Release|x64
		{246C7EFC-7DC5-48E1-B1CF-1A344CDC1BDF}.Release|x86.ActiveCfg = Release|Win32
		{246C7EFC-7DC5-48E1-B1CF-1A344CDC1BDF}.Release|x86.Build.0 = Release|Win32
		{9408B742-D767-4126-BFC7-9706F7CD1044}.Debug|Any CPU.ActiveCfg = Debug|Any CPU
		{9408B742-D767-4126-BFC7-9706F7CD1044}.Debug|x64.ActiveCfg = Debug|Any CPU
		{9408B742-D767-4126-BFC7-9706F7CD1044}.Debug|x86.ActiveCfg = Debug|Any CPU
		{9408B742-D767-4126-BFC7-9706F7CD1044}.Release|Any CPU.ActiveCfg = Release|Any CPU
		{9408B742-D767-4126-BFC7-9706F7CD1044}.Release|x64.ActiveCfg = Release|Any CPU
		{9408B742-D767-4126-BFC7-9706F7CD1044}.Release|x86.ActiveCfg = Release|Any CPU
		{745B2AAA-45CE-4C32-A6DF-C9CFB7B1823E}.Debug|Any CPU.ActiveCfg = Debug|Win32
		{745B2AAA-45CE-4C32-A6DF-C9CFB7B1823E}.Debug|x64.ActiveCfg = Debug|x64
		{745B2AAA-45CE-4C32-A6DF-C9CFB7B1823E}.Debug|x64.Build.0 = Debug|x64
		{745B2AAA-45CE-4C32-A6DF-C9CFB7B1823E}.Debug|x86.ActiveCfg = Debug|Win32
		{745B2AAA-45CE-4C32-A6DF-C9CFB7B1823E}.Debug|x86.Build.0 = Debug|Win32
		{745B2AAA-45CE-4C32-A6DF-C9CFB7B1823E}.Release|Any CPU.ActiveCfg = Release|Win32
		{745B2AAA-45CE-4C32-A6DF-C9CFB7B1823E}.Release|x64.ActiveCfg = Release|x64
		{745B2AAA-45CE-4C32-A6DF-C9CFB7B1823E}.Release|x64.Build.0 = Release|x64
		{745B2AAA-45CE-4C32-A6DF-C9CFB7B1823E}.Release|x86.ActiveCfg = Release|Win32
		{745B2AAA-45CE-4C32-A6DF-C9CFB7B1823E}.Release|x86.Build.0 = Release|Win32
	EndGlobalSection
	GlobalSection(SolutionProperties) = preSolution
		HideSolutionNode = FALSE
	EndGlobalSection
	GlobalSection(ExtensibilityGlobals) = postSolution
		SolutionGuid = {9A39485D-9C0F-4593-A3C9-E836233D650B}
	EndGlobalSection
EndGlobal
